
Microsoft Visual Studio Solution File, Format Version 12.00
# Visual Studio Version 17
VisualStudioVersion = 17.13.35825.156 d17.13
MinimumVisualStudioVersion = 10.0.40219.1
Project("{8BC9CEB8-8B4A-11D0-8D11-00A0C91BC942}") = "chap01", "Programing\Programing.vcxproj", "{B8A75116-8378-40F9-9050-600FFFE89CAE}"
EndProject
Project("{8BC9CEB8-8B4A-11D0-8D11-00A0C91BC942}") = "chap02", "chap02\chap02.vcxproj", "{A173112F-C18F-4227-AAA7-4DF7AC5E6415}"
EndProject
Global
	GlobalSection(SolutionConfigurationPlatforms) = preSolution
		Debug|x64 = Debug|x64
		Debug|x86 = Debug|x86
		Release|x64 = Release|x64
		Release|x86 = Release|x86
	EndGlobalSection
	GlobalSection(ProjectConfigurationPlatforms) = postSolution
		{B8A75116-8378-40F9-9050-600FFFE89CAE}.Debug|x64.ActiveCfg = Debug|x64
		{B8A75116-8378-40F9-9050-600FFFE89CAE}.Debug|x64.Build.0 = Debug|x64
		{B8A75116-8378-40F9-9050-600FFFE89CAE}.Debug|x86.ActiveCfg = Debug|Win32
		{B8A75116-8378-40F9-9050-600FFFE89CAE}.Debug|x86.Build.0 = Debug|Win32
		{B8A75116-8378-40F9-9050-600FFFE89CAE}.Release|x64.ActiveCfg = Release|x64
		{B8A75116-8378-40F9-9050-600FFFE89CAE}.Release|x64.Build.0 = Release|x64
		{B8A75116-8378-40F9-9050-600FFFE89CAE}.Release|x86.ActiveCfg = Release|Win32
		{B8A75116-8378-40F9-9050-600FFFE89CAE}.Release|x86.Build.0 = Release|Win32
		{A173112F-C18F-4227-AAA7-4DF7AC5E6415}.Debug|x64.ActiveCfg = Debug|x64
		{A173112F-C18F-4227-AAA7-4DF7AC5E6415}.Debug|x64.Build.0 = Debug|x64
		{A173112F-C18F-4227-AAA7-4DF7AC5E6415}.Debug|x86.ActiveCfg = Debug|Win32
		{A173112F-C18F-4227-AAA7-4DF7AC5E6415}.Debug|x86.Build.0 = Debug|Win32
		{A173112F-C18F-4227-AAA7-4DF7AC5E6415}.Release|x64.ActiveCfg = Release|x64
		{A173112F-C18F-4227-AAA7-4DF7AC5E6415}.Release|x64.Build.0 = Release|x64
		{A173112F-C18F-4227-AAA7-4DF7AC5E6415}.Release|x86.ActiveCfg = Release|Win32
		{A173112F-C18F-4227-AAA7-4DF7AC5E6415}.Release|x86.Build.0 = Release|Win32
	EndGlobalSection
	GlobalSection(SolutionProperties) = preSolution
		HideSolutionNode = FALSE
	EndGlobalSection
	GlobalSection(ExtensibilityGlobals) = postSolution
		SolutionGuid = {08076709-0BB0-47F8-B5D0-E330D3A172AF}
	EndGlobalSection
EndGlobal
